
Microsoft Visual Studio Solution File, Format Version 12.00
# Visual Studio Version 17
VisualStudioVersion = 17.5.33516.290
MinimumVisualStudioVersion = 10.0.40219.1
Project("{9A19103F-16F7-4668-BE54-9A1E7A4F7556}") = "Bolsa_de_empleo", "Bolsa_de_empleo.csproj", "{F73531A7-F63A-42B9-BD93-3DE2E5F38ACA}"
EndProject
Project("{FAE04EC0-301F-11D3-BF4B-00C04F79EFBC}") = "DataAccess", "..\DataAccess\DataAccess.csproj", "{589669A0-8538-4204-9EC8-5E74D01108EB}"
EndProject
Project("{FAE04EC0-301F-11D3-BF4B-00C04F79EFBC}") = "Services", "..\Services\Services.csproj", "{AF8DF302-3819-4FA7-B7D0-90F74DC7312E}"
EndProject
Global
	GlobalSection(SolutionConfigurationPlatforms) = preSolution
		Debug|Any CPU = Debug|Any CPU
		Release|Any CPU = Release|Any CPU
	EndGlobalSection
	GlobalSection(ProjectConfigurationPlatforms) = postSolution
		{F73531A7-F63A-42B9-BD93-3DE2E5F38ACA}.Debug|Any CPU.ActiveCfg = Debug|Any CPU
		{F73531A7-F63A-42B9-BD93-3DE2E5F38ACA}.Debug|Any CPU.Build.0 = Debug|Any CPU
		{F73531A7-F63A-42B9-BD93-3DE2E5F38ACA}.Release|Any CPU.ActiveCfg = Release|Any CPU
		{F73531A7-F63A-42B9-BD93-3DE2E5F38ACA}.Release|Any CPU.Build.0 = Release|Any CPU
		{589669A0-8538-4204-9EC8-5E74D01108EB}.Debug|Any CPU.ActiveCfg = Debug|Any CPU
		{589669A0-8538-4204-9EC8-5E74D01108EB}.Debug|Any CPU.Build.0 = Debug|Any CPU
		{589669A0-8538-4204-9EC8-5E74D01108EB}.Release|Any CPU.ActiveCfg = Release|Any CPU
		{589669A0-8538-4204-9EC8-5E74D01108EB}.Release|Any CPU.Build.0 = Release|Any CPU
		{AF8DF302-3819-4FA7-B7D0-90F74DC7312E}.Debug|Any CPU.ActiveCfg = Debug|Any CPU
		{AF8DF302-3819-4FA7-B7D0-90F74DC7312E}.Debug|Any CPU.Build.0 = Debug|Any CPU
		{AF8DF302-3819-4FA7-B7D0-90F74DC7312E}.Release|Any CPU.ActiveCfg = Release|Any CPU
		{AF8DF302-3819-4FA7-B7D0-90F74DC7312E}.Release|Any CPU.Build.0 = Release|Any CPU
	EndGlobalSection
	GlobalSection(SolutionProperties) = preSolution
		HideSolutionNode = FALSE
	EndGlobalSection
	GlobalSection(ExtensibilityGlobals) = postSolution
		SolutionGuid = {E2ED0816-A4C2-43F3-B9B4-838D638A8829}
	EndGlobalSection
EndGlobal
